// !$*UTF8*$!
{
	archiveVersion = 1;
	classes = {
	};
	objectVersion = 51;
	objects = {

/* Begin PBXBuildFile section */
		3162BB02254C8FFF0072D8EF /* AppDelegate.swift in Sources */ = {isa = PBXBuildFile; fileRef = 3162BB01254C8FFF0072D8EF /* AppDelegate.swift */; };
		3162BB04254C8FFF0072D8EF /* SceneDelegate.swift in Sources */ = {isa = PBXBuildFile; fileRef = 3162BB03254C8FFF0072D8EF /* SceneDelegate.swift */; };
		3162BB06254C8FFF0072D8EF /* LoginViewController.swift in Sources */ = {isa = PBXBuildFile; fileRef = 3162BB05254C8FFF0072D8EF /* LoginViewController.swift */; };
		3162BB09254C8FFF0072D8EF /* Main.storyboard in Resources */ = {isa = PBXBuildFile; fileRef = 3162BB07254C8FFF0072D8EF /* Main.storyboard */; };
		3162BB0B254C90040072D8EF /* Assets.xcassets in Resources */ = {isa = PBXBuildFile; fileRef = 3162BB0A254C90040072D8EF /* Assets.xcassets */; };
		3162BB0E254C90040072D8EF /* LaunchScreen.storyboard in Resources */ = {isa = PBXBuildFile; fileRef = 3162BB0C254C90040072D8EF /* LaunchScreen.storyboard */; };
		319B6C75254DFFDE00A2B698 /* SpotsListViewController.swift in Sources */ = {isa = PBXBuildFile; fileRef = 319B6C74254DFFDE00A2B698 /* SpotsListViewController.swift */; };
		319B6C77254E022100A2B698 /* SpotTableViewCell.swift in Sources */ = {isa = PBXBuildFile; fileRef = 319B6C76254E022100A2B698 /* SpotTableViewCell.swift */; };
		319B6C79254E080D00A2B698 /* SpotDetailViewController.swift in Sources */ = {isa = PBXBuildFile; fileRef = 319B6C78254E080D00A2B698 /* SpotDetailViewController.swift */; };
		31CE15E7254C92BC00386F62 /* GoogleService-Info.plist in Resources */ = {isa = PBXBuildFile; fileRef = 31CE15E6254C92BC00386F62 /* GoogleService-Info.plist */; };
		FB6D166481E1D6157021BCB4 /* Pods_Snacktacular.framework in Frameworks */ = {isa = PBXBuildFile; fileRef = 3FDA22CAB7E18D7FBA268B73 /* Pods_Snacktacular.framework */; };
/* End PBXBuildFile section */

/* Begin PBXFileReference section */
		3162BAFE254C8FFF0072D8EF /* Snacktacular.app */ = {isa = PBXFileReference; explicitFileType = wrapper.application; includeInIndex = 0; path = Snacktacular.app; sourceTree = BUILT_PRODUCTS_DIR; };
		3162BB01254C8FFF0072D8EF /* AppDelegate.swift */ = {isa = PBXFileReference; lastKnownFileType = sourcecode.swift; path = AppDelegate.swift; sourceTree = "<group>"; };
		3162BB03254C8FFF0072D8EF /* SceneDelegate.swift */ = {isa = PBXFileReference; lastKnownFileType = sourcecode.swift; path = SceneDelegate.swift; sourceTree = "<group>"; };
		3162BB05254C8FFF0072D8EF /* LoginViewController.swift */ = {isa = PBXFileReference; lastKnownFileType = sourcecode.swift; path = LoginViewController.swift; sourceTree = "<group>"; };
		3162BB08254C8FFF0072D8EF /* Base */ = {isa = PBXFileReference; lastKnownFileType = file.storyboard; name = Base; path = Base.lproj/Main.storyboard; sourceTree = "<group>"; };
		3162BB0A254C90040072D8EF /* Assets.xcassets */ = {isa = PBXFileReference; lastKnownFileType = folder.assetcatalog; path = Assets.xcassets; sourceTree = "<group>"; };
		3162BB0D254C90040072D8EF /* Base */ = {isa = PBXFileReference; lastKnownFileType = file.storyboard; name = Base; path = Base.lproj/LaunchScreen.storyboard; sourceTree = "<group>"; };
		3162BB0F254C90040072D8EF /* Info.plist */ = {isa = PBXFileReference; lastKnownFileType = text.plist.xml; path = Info.plist; sourceTree = "<group>"; };
		319B6C74254DFFDE00A2B698 /* SpotsListViewController.swift */ = {isa = PBXFileReference; lastKnownFileType = sourcecode.swift; path = SpotsListViewController.swift; sourceTree = "<group>"; };
		319B6C76254E022100A2B698 /* SpotTableViewCell.swift */ = {isa = PBXFileReference; lastKnownFileType = sourcecode.swift; path = SpotTableViewCell.swift; sourceTree = "<group>"; };
		319B6C78254E080D00A2B698 /* SpotDetailViewController.swift */ = {isa = PBXFileReference; lastKnownFileType = sourcecode.swift; path = SpotDetailViewController.swift; sourceTree = "<group>"; };
		31CE15E6254C92BC00386F62 /* GoogleService-Info.plist */ = {isa = PBXFileReference; fileEncoding = 4; lastKnownFileType = text.plist.xml; path = "GoogleService-Info.plist"; sourceTree = "<group>"; };
		3FDA22CAB7E18D7FBA268B73 /* Pods_Snacktacular.framework */ = {isa = PBXFileReference; explicitFileType = wrapper.framework; includeInIndex = 0; path = Pods_Snacktacular.framework; sourceTree = BUILT_PRODUCTS_DIR; };
		BDE83E803CCBCDCB6C5D5B85 /* Pods-Snacktacular.release.xcconfig */ = {isa = PBXFileReference; includeInIndex = 1; lastKnownFileType = text.xcconfig; name = "Pods-Snacktacular.release.xcconfig"; path = "Target Support Files/Pods-Snacktacular/Pods-Snacktacular.release.xcconfig"; sourceTree = "<group>"; };
		F1FEAC1C6FBDB7D566112FEE /* Pods-Snacktacular.debug.xcconfig */ = {isa = PBXFileReference; includeInIndex = 1; lastKnownFileType = text.xcconfig; name = "Pods-Snacktacular.debug.xcconfig"; path = "Target Support Files/Pods-Snacktacular/Pods-Snacktacular.debug.xcconfig"; sourceTree = "<group>"; };
/* End PBXFileReference section */

/* Begin PBXFrameworksBuildPhase section */
		3162BAFB254C8FFE0072D8EF /* Frameworks */ = {
			isa = PBXFrameworksBuildPhase;
			buildActionMask = 2147483647;
			files = (
				FB6D166481E1D6157021BCB4 /* Pods_Snacktacular.framework in Frameworks */,
			);
			runOnlyForDeploymentPostprocessing = 0;
		};
/* End PBXFrameworksBuildPhase section */

/* Begin PBXGroup section */
		30F5DC2DCCC6021637B6998B /* Frameworks */ = {
			isa = PBXGroup;
			children = (
				3FDA22CAB7E18D7FBA268B73 /* Pods_Snacktacular.framework */,
			);
			name = Frameworks;
			sourceTree = "<group>";
		};
		3162BAF5254C8FFE0072D8EF = {
			isa = PBXGroup;
			children = (
				3162BB00254C8FFF0072D8EF /* Snacktacular */,
				3162BAFF254C8FFF0072D8EF /* Products */,
				5037646644F0B85FFC02438E /* Pods */,
				30F5DC2DCCC6021637B6998B /* Frameworks */,
			);
			sourceTree = "<group>";
		};
		3162BAFF254C8FFF0072D8EF /* Products */ = {
			isa = PBXGroup;
			children = (
				3162BAFE254C8FFF0072D8EF /* Snacktacular.app */,
			);
			name = Products;
			sourceTree = "<group>";
		};
		3162BB00254C8FFF0072D8EF /* Snacktacular */ = {
			isa = PBXGroup;
			children = (
				3162BB01254C8FFF0072D8EF /* AppDelegate.swift */,
				3162BB03254C8FFF0072D8EF /* SceneDelegate.swift */,
				3162BB05254C8FFF0072D8EF /* LoginViewController.swift */,
				319B6C74254DFFDE00A2B698 /* SpotsListViewController.swift */,
				319B6C78254E080D00A2B698 /* SpotDetailViewController.swift */,
				319B6C76254E022100A2B698 /* SpotTableViewCell.swift */,
				3162BB07254C8FFF0072D8EF /* Main.storyboard */,
				3162BB0A254C90040072D8EF /* Assets.xcassets */,
				3162BB0C254C90040072D8EF /* LaunchScreen.storyboard */,
				3162BB0F254C90040072D8EF /* Info.plist */,
				31CE15E6254C92BC00386F62 /* GoogleService-Info.plist */,
			);
			path = Snacktacular;
			sourceTree = "<group>";
		};
		5037646644F0B85FFC02438E /* Pods */ = {
			isa = PBXGroup;
			children = (
				F1FEAC1C6FBDB7D566112FEE /* Pods-Snacktacular.debug.xcconfig */,
				BDE83E803CCBCDCB6C5D5B85 /* Pods-Snacktacular.release.xcconfig */,
			);
			path = Pods;
			sourceTree = "<group>";
		};
/* End PBXGroup section */

/* Begin PBXNativeTarget section */
		3162BAFD254C8FFE0072D8EF /* Snacktacular */ = {
			isa = PBXNativeTarget;
			buildConfigurationList = 3162BB12254C90040072D8EF /* Build configuration list for PBXNativeTarget "Snacktacular" */;
			buildPhases = (
				D4CDE147A2884B9F62702B57 /* [CP] Check Pods Manifest.lock */,
				3162BAFA254C8FFE0072D8EF /* Sources */,
				3162BAFB254C8FFE0072D8EF /* Frameworks */,
				3162BAFC254C8FFE0072D8EF /* Resources */,
				E187F2A83DE340005ABEA675 /* [CP] Embed Pods Frameworks */,
				9D68FF08A55231DD8D5FEB8B /* [CP] Copy Pods Resources */,
			);
			buildRules = (
			);
			dependencies = (
			);
			name = Snacktacular;
			productName = Snacktacular;
			productReference = 3162BAFE254C8FFF0072D8EF /* Snacktacular.app */;
			productType = "com.apple.product-type.application";
		};
/* End PBXNativeTarget section */

/* Begin PBXProject section */
		3162BAF6254C8FFE0072D8EF /* Project object */ = {
			isa = PBXProject;
			attributes = {
				LastSwiftUpdateCheck = 1160;
				LastUpgradeCheck = 1160;
				ORGANIZATIONNAME = "Brenden Picioane";
				TargetAttributes = {
					3162BAFD254C8FFE0072D8EF = {
						CreatedOnToolsVersion = 11.6;
					};
				};
			};
			buildConfigurationList = 3162BAF9254C8FFE0072D8EF /* Build configuration list for PBXProject "Snacktacular" */;
			compatibilityVersion = "Xcode 9.3";
			developmentRegion = en;
			hasScannedForEncodings = 0;
			knownRegions = (
				en,
				Base,
			);
			mainGroup = 3162BAF5254C8FFE0072D8EF;
			productRefGroup = 3162BAFF254C8FFF0072D8EF /* Products */;
			projectDirPath = "";
			projectRoot = "";
			targets = (
				3162BAFD254C8FFE0072D8EF /* Snacktacular */,
			);
		};
/* End PBXProject section */

/* Begin PBXResourcesBuildPhase section */
		3162BAFC254C8FFE0072D8EF /* Resources */ = {
			isa = PBXResourcesBuildPhase;
			buildActionMask = 2147483647;
			files = (
				3162BB0E254C90040072D8EF /* LaunchScreen.storyboard in Resources */,
				31CE15E7254C92BC00386F62 /* GoogleService-Info.plist in Resources */,
				3162BB0B254C90040072D8EF /* Assets.xcassets in Resources */,
				3162BB09254C8FFF0072D8EF /* Main.storyboard in Resources */,
			);
			runOnlyForDeploymentPostprocessing = 0;
		};
/* End PBXResourcesBuildPhase section */

/* Begin PBXShellScriptBuildPhase section */
		9D68FF08A55231DD8D5FEB8B /* [CP] Copy Pods Resources */ = {
			isa = PBXShellScriptBuildPhase;
			buildActionMask = 2147483647;
			files = (
			);
			inputFileListPaths = (
				"${PODS_ROOT}/Target Support Files/Pods-Snacktacular/Pods-Snacktacular-resources-${CONFIGURATION}-input-files.xcfilelist",
			);
			name = "[CP] Copy Pods Resources";
			outputFileListPaths = (
				"${PODS_ROOT}/Target Support Files/Pods-Snacktacular/Pods-Snacktacular-resources-${CONFIGURATION}-output-files.xcfilelist",
			);
			runOnlyForDeploymentPostprocessing = 0;
			shellPath = /bin/sh;
			shellScript = "\"${PODS_ROOT}/Target Support Files/Pods-Snacktacular/Pods-Snacktacular-resources.sh\"\n";
			showEnvVarsInLog = 0;
		};
		D4CDE147A2884B9F62702B57 /* [CP] Check Pods Manifest.lock */ = {
			isa = PBXShellScriptBuildPhase;
			buildActionMask = 2147483647;
			files = (
			);
			inputFileListPaths = (
			);
			inputPaths = (
				"${PODS_PODFILE_DIR_PATH}/Podfile.lock",
				"${PODS_ROOT}/Manifest.lock",
			);
			name = "[CP] Check Pods Manifest.lock";
			outputFileListPaths = (
			);
			outputPaths = (
				"$(DERIVED_FILE_DIR)/Pods-Snacktacular-checkManifestLockResult.txt",
			);
			runOnlyForDeploymentPostprocessing = 0;
			shellPath = /bin/sh;
			shellScript = "diff \"${PODS_PODFILE_DIR_PATH}/Podfile.lock\" \"${PODS_ROOT}/Manifest.lock\" > /dev/null\nif [ $? != 0 ] ; then\n    # print error to STDERR\n    echo \"error: The sandbox is not in sync with the Podfile.lock. Run 'pod install' or update your CocoaPods installation.\" >&2\n    exit 1\nfi\n# This output is used by Xcode 'outputs' to avoid re-running this script phase.\necho \"SUCCESS\" > \"${SCRIPT_OUTPUT_FILE_0}\"\n";
			showEnvVarsInLog = 0;
		};
		E187F2A83DE340005ABEA675 /* [CP] Embed Pods Frameworks */ = {
			isa = PBXShellScriptBuildPhase;
			buildActionMask = 2147483647;
			files = (
			);
			inputFileListPaths = (
				"${PODS_ROOT}/Target Support Files/Pods-Snacktacular/Pods-Snacktacular-frameworks-${CONFIGURATION}-input-files.xcfilelist",
			);
			name = "[CP] Embed Pods Frameworks";
			outputFileListPaths = (
				"${PODS_ROOT}/Target Support Files/Pods-Snacktacular/Pods-Snacktacular-frameworks-${CONFIGURATION}-output-files.xcfilelist",
			);
			runOnlyForDeploymentPostprocessing = 0;
			shellPath = /bin/sh;
			shellScript = "\"${PODS_ROOT}/Target Support Files/Pods-Snacktacular/Pods-Snacktacular-frameworks.sh\"\n";
			showEnvVarsInLog = 0;
		};
/* End PBXShellScriptBuildPhase section */

/* Begin PBXSourcesBuildPhase section */
		3162BAFA254C8FFE0072D8EF /* Sources */ = {
			isa = PBXSourcesBuildPhase;
			buildActionMask = 2147483647;
			files = (
				319B6C75254DFFDE00A2B698 /* SpotsListViewController.swift in Sources */,
				3162BB06254C8FFF0072D8EF /* LoginViewController.swift in Sources */,
				3162BB02254C8FFF0072D8EF /* AppDelegate.swift in Sources */,
				319B6C79254E080D00A2B698 /* SpotDetailViewController.swift in Sources */,
				319B6C77254E022100A2B698 /* SpotTableViewCell.swift in Sources */,
				3162BB04254C8FFF0072D8EF /* SceneDelegate.swift in Sources */,
			);
			runOnlyForDeploymentPostprocessing = 0;
		};
/* End PBXSourcesBuildPhase section */

/* Begin PBXVariantGroup section */
		3162BB07254C8FFF0072D8EF /* Main.storyboard */ = {
			isa = PBXVariantGroup;
			children = (
				3162BB08254C8FFF0072D8EF /* Base */,
			);
			name = Main.storyboard;
			sourceTree = "<group>";
		};
		3162BB0C254C90040072D8EF /* LaunchScreen.storyboard */ = {
			isa = PBXVariantGroup;
			children = (
				3162BB0D254C90040072D8EF /* Base */,
			);
			name = LaunchScreen.storyboard;
			sourceTree = "<group>";
		};
/* End PBXVariantGroup section */

/* Begin XCBuildConfiguration section */
		3162BB10254C90040072D8EF /* Debug */ = {
			isa = XCBuildConfiguration;
			buildSettings = {
				ALWAYS_SEARCH_USER_PATHS = NO;
				CLANG_ANALYZER_NONNULL = YES;
				CLANG_ANALYZER_NUMBER_OBJECT_CONVERSION = YES_AGGRESSIVE;
				CLANG_CXX_LANGUAGE_STANDARD = "gnu++14";
				CLANG_CXX_LIBRARY = "libc++";
				CLANG_ENABLE_MODULES = YES;
				CLANG_ENABLE_OBJC_ARC = YES;
				CLANG_ENABLE_OBJC_WEAK = YES;
				CLANG_WARN_BLOCK_CAPTURE_AUTORELEASING = YES;
				CLANG_WARN_BOOL_CONVERSION = YES;
				CLANG_WARN_COMMA = YES;
				CLANG_WARN_CONSTANT_CONVERSION = YES;
				CLANG_WARN_DEPRECATED_OBJC_IMPLEMENTATIONS = YES;
				CLANG_WARN_DIRECT_OBJC_ISA_USAGE = YES_ERROR;
				CLANG_WARN_DOCUMENTATION_COMMENTS = YES;
				CLANG_WARN_EMPTY_BODY = YES;
				CLANG_WARN_ENUM_CONVERSION = YES;
				CLANG_WARN_INFINITE_RECURSION = YES;
				CLANG_WARN_INT_CONVERSION = YES;
				CLANG_WARN_NON_LITERAL_NULL_CONVERSION = YES;
				CLANG_WARN_OBJC_IMPLICIT_RETAIN_SELF = YES;
				CLANG_WARN_OBJC_LITERAL_CONVERSION = YES;
				CLANG_WARN_OBJC_ROOT_CLASS = YES_ERROR;
				CLANG_WARN_RANGE_LOOP_ANALYSIS = YES;
				CLANG_WARN_STRICT_PROTOTYPES = YES;
				CLANG_WARN_SUSPICIOUS_MOVE = YES;
				CLANG_WARN_UNGUARDED_AVAILABILITY = YES_AGGRESSIVE;
				CLANG_WARN_UNREACHABLE_CODE = YES;
				CLANG_WARN__DUPLICATE_METHOD_MATCH = YES;
				COPY_PHASE_STRIP = NO;
				DEBUG_INFORMATION_FORMAT = dwarf;
				ENABLE_STRICT_OBJC_MSGSEND = YES;
				ENABLE_TESTABILITY = YES;
				GCC_C_LANGUAGE_STANDARD = gnu11;
				GCC_DYNAMIC_NO_PIC = NO;
				GCC_NO_COMMON_BLOCKS = YES;
				GCC_OPTIMIZATION_LEVEL = 0;
				GCC_PREPROCESSOR_DEFINITIONS = (
					"DEBUG=1",
					"$(inherited)",
				);
				GCC_WARN_64_TO_32_BIT_CONVERSION = YES;
				GCC_WARN_ABOUT_RETURN_TYPE = YES_ERROR;
				GCC_WARN_UNDECLARED_SELECTOR = YES;
				GCC_WARN_UNINITIALIZED_AUTOS = YES_AGGRESSIVE;
				GCC_WARN_UNUSED_FUNCTION = YES;
				GCC_WARN_UNUSED_VARIABLE = YES;
				IPHONEOS_DEPLOYMENT_TARGET = 13.6;
				MTL_ENABLE_DEBUG_INFO = INCLUDE_SOURCE;
				MTL_FAST_MATH = YES;
				ONLY_ACTIVE_ARCH = YES;
				SDKROOT = iphoneos;
				SWIFT_ACTIVE_COMPILATION_CONDITIONS = DEBUG;
				SWIFT_OPTIMIZATION_LEVEL = "-Onone";
			};
			name = Debug;
		};
		3162BB11254C90040072D8EF /* Release */ = {
			isa = XCBuildConfiguration;
			buildSettings = {
				ALWAYS_SEARCH_USER_PATHS = NO;
				CLANG_ANALYZER_NONNULL = YES;
				CLANG_ANALYZER_NUMBER_OBJECT_CONVERSION = YES_AGGRESSIVE;
				CLANG_CXX_LANGUAGE_STANDARD = "gnu++14";
				CLANG_CXX_LIBRARY = "libc++";
				CLANG_ENABLE_MODULES = YES;
				CLANG_ENABLE_OBJC_ARC = YES;
				CLANG_ENABLE_OBJC_WEAK = YES;
				CLANG_WARN_BLOCK_CAPTURE_AUTORELEASING = YES;
				CLANG_WARN_BOOL_CONVERSION = YES;
				CLANG_WARN_COMMA = YES;
				CLANG_WARN_CONSTANT_CONVERSION = YES;
				CLANG_WARN_DEPRECATED_OBJC_IMPLEMENTATIONS = YES;
				CLANG_WARN_DIRECT_OBJC_ISA_USAGE = YES_ERROR;
				CLANG_WARN_DOCUMENTATION_COMMENTS = YES;
				CLANG_WARN_EMPTY_BODY = YES;
				CLANG_WARN_ENUM_CONVERSION = YES;
				CLANG_WARN_INFINITE_RECURSION = YES;
				CLANG_WARN_INT_CONVERSION = YES;
				CLANG_WARN_NON_LITERAL_NULL_CONVERSION = YES;
				CLANG_WARN_OBJC_IMPLICIT_RETAIN_SELF = YES;
				CLANG_WARN_OBJC_LITERAL_CONVERSION = YES;
				CLANG_WARN_OBJC_ROOT_CLASS = YES_ERROR;
				CLANG_WARN_RANGE_LOOP_ANALYSIS = YES;
				CLANG_WARN_STRICT_PROTOTYPES = YES;
				CLANG_WARN_SUSPICIOUS_MOVE = YES;
				CLANG_WARN_UNGUARDED_AVAILABILITY = YES_AGGRESSIVE;
				CLANG_WARN_UNREACHABLE_CODE = YES;
				CLANG_WARN__DUPLICATE_METHOD_MATCH = YES;
				COPY_PHASE_STRIP = NO;
				DEBUG_INFORMATION_FORMAT = "dwarf-with-dsym";
				ENABLE_NS_ASSERTIONS = NO;
				ENABLE_STRICT_OBJC_MSGSEND = YES;
				GCC_C_LANGUAGE_STANDARD = gnu11;
				GCC_NO_COMMON_BLOCKS = YES;
				GCC_WARN_64_TO_32_BIT_CONVERSION = YES;
				GCC_WARN_ABOUT_RETURN_TYPE = YES_ERROR;
				GCC_WARN_UNDECLARED_SELECTOR = YES;
				GCC_WARN_UNINITIALIZED_AUTOS = YES_AGGRESSIVE;
				GCC_WARN_UNUSED_FUNCTION = YES;
				GCC_WARN_UNUSED_VARIABLE = YES;
				IPHONEOS_DEPLOYMENT_TARGET = 13.6;
				MTL_ENABLE_DEBUG_INFO = NO;
				MTL_FAST_MATH = YES;
				SDKROOT = iphoneos;
				SWIFT_COMPILATION_MODE = wholemodule;
				SWIFT_OPTIMIZATION_LEVEL = "-O";
				VALIDATE_PRODUCT = YES;
			};
			name = Release;
		};
		3162BB13254C90040072D8EF /* Debug */ = {
			isa = XCBuildConfiguration;
			baseConfigurationReference = F1FEAC1C6FBDB7D566112FEE /* Pods-Snacktacular.debug.xcconfig */;
			buildSettings = {
				ASSETCATALOG_COMPILER_APPICON_NAME = AppIcon;
				CODE_SIGN_STYLE = Automatic;
				DEVELOPMENT_TEAM = MY39RX8C69;
				INFOPLIST_FILE = Snacktacular/Info.plist;
				LD_RUNPATH_SEARCH_PATHS = (
					"$(inherited)",
					"@executable_path/Frameworks",
				);
				PRODUCT_BUNDLE_IDENTIFIER = com.bpicioane.Snacktacular;
				PRODUCT_NAME = "$(TARGET_NAME)";
				SWIFT_VERSION = 5.0;
				TARGETED_DEVICE_FAMILY = "1,2";
			};
			name = Debug;
		};
		3162BB14254C90040072D8EF /* Release */ = {
			isa = XCBuildConfiguration;
			baseConfigurationReference = BDE83E803CCBCDCB6C5D5B85 /* Pods-Snacktacular.release.xcconfig */;
			buildSettings = {
				ASSETCATALOG_COMPILER_APPICON_NAME = AppIcon;
				CODE_SIGN_STYLE = Automatic;
				DEVELOPMENT_TEAM = MY39RX8C69;
				INFOPLIST_FILE = Snacktacular/Info.plist;
				LD_RUNPATH_SEARCH_PATHS = (
					"$(inherited)",
					"@executable_path/Frameworks",
				);
				PRODUCT_BUNDLE_IDENTIFIER = com.bpicioane.Snacktacular;
				PRODUCT_NAME = "$(TARGET_NAME)";
				SWIFT_VERSION = 5.0;
				TARGETED_DEVICE_FAMILY = "1,2";
			};
			name = Release;
		};
/* End XCBuildConfiguration section */

/* Begin XCConfigurationList section */
		3162BAF9254C8FFE0072D8EF /* Build configuration list for PBXProject "Snacktacular" */ = {
			isa = XCConfigurationList;
			buildConfigurations = (
				3162BB10254C90040072D8EF /* Debug */,
				3162BB11254C90040072D8EF /* Release */,
			);
			defaultConfigurationIsVisible = 0;
			defaultConfigurationName = Release;
		};
		3162BB12254C90040072D8EF /* Build configuration list for PBXNativeTarget "Snacktacular" */ = {
			isa = XCConfigurationList;
			buildConfigurations = (
				3162BB13254C90040072D8EF /* Debug */,
				3162BB14254C90040072D8EF /* Release */,
			);
			defaultConfigurationIsVisible = 0;
			defaultConfigurationName = Release;
		};
/* End XCConfigurationList section */
	};
	rootObject = 3162BAF6254C8FFE0072D8EF /* Project object */;
}
